
Microsoft Visual Studio Solution File, Format Version 12.00
# Visual Studio Version 16
VisualStudioVersion = 16.0.30104.148
MinimumVisualStudioVersion = 10.0.40219.1
Project("{9092AA53-FB77-4645-B42D-1CCCA6BD08BD}") = "VuejsApp1", "VuejsApp1\VuejsApp1.njsproj", "{D281C04C-3754-4BE2-84A2-4531E41F4DD0}"
EndProject
Global
	GlobalSection(SolutionConfigurationPlatforms) = preSolution
		Debug|Any CPU = Debug|Any CPU
		Release|Any CPU = Release|Any CPU
	EndGlobalSection
	GlobalSection(ProjectConfigurationPlatforms) = postSolution
		{D281C04C-3754-4BE2-84A2-4531E41F4DD0}.Debug|Any CPU.ActiveCfg = Debug|Any CPU
		{D281C04C-3754-4BE2-84A2-4531E41F4DD0}.Debug|Any CPU.Build.0 = Debug|Any CPU
		{D281C04C-3754-4BE2-84A2-4531E41F4DD0}.Release|Any CPU.ActiveCfg = Release|Any CPU
		{D281C04C-3754-4BE2-84A2-4531E41F4DD0}.Release|Any CPU.Build.0 = Release|Any CPU
	EndGlobalSection
	GlobalSection(SolutionProperties) = preSolution
		HideSolutionNode = FALSE
	EndGlobalSection
	GlobalSection(ExtensibilityGlobals) = postSolution
		SolutionGuid = {9B8432FA-764A-402B-B3EF-5017DA8364C6}
	EndGlobalSection
EndGlobal
